
Microsoft Visual Studio Solution File, Format Version 12.00
# Visual Studio 15
VisualStudioVersion = 15.0.27130.2010
MinimumVisualStudioVersion = 10.0.40219.1
Project("{888888A0-9F3D-457C-B088-3A5042F75D52}") = "meteoritesfalldownof", "meteoritesfalldownof\meteoritesfalldownof.pyproj", "{66A3798B-DDD3-4474-B0E3-7BA4075EE387}"
EndProject
Global
	GlobalSection(SolutionConfigurationPlatforms) = preSolution
		Debug|Any CPU = Debug|Any CPU
		Release|Any CPU = Release|Any CPU
	EndGlobalSection
	GlobalSection(ProjectConfigurationPlatforms) = postSolution
		{66A3798B-DDD3-4474-B0E3-7BA4075EE387}.Debug|Any CPU.ActiveCfg = Debug|Any CPU
		{66A3798B-DDD3-4474-B0E3-7BA4075EE387}.Release|Any CPU.ActiveCfg = Release|Any CPU
	EndGlobalSection
	GlobalSection(SolutionProperties) = preSolution
		HideSolutionNode = FALSE
	EndGlobalSection
	GlobalSection(ExtensibilityGlobals) = postSolution
		SolutionGuid = {A27BC56C-C3D7-4656-B676-416CEA0D0A11}
	EndGlobalSection
EndGlobal
